
Microsoft Visual Studio Solution File, Format Version 12.00
# Visual Studio Version 17
VisualStudioVersion = 17.2.32630.192
MinimumVisualStudioVersion = 10.0.40219.1
Project("{F184B08F-C81C-45F6-A57F-5ABD9991F28F}") = "Codedex", "Codedex\Codedex.vbproj", "{ECD4DF25-B870-442F-8BBB-8D691423EBBC}"
EndProject
Global
	GlobalSection(SolutionConfigurationPlatforms) = preSolution
		Debug|Any CPU = Debug|Any CPU
		Release|Any CPU = Release|Any CPU
	EndGlobalSection
	GlobalSection(ProjectConfigurationPlatforms) = postSolution
		{ECD4DF25-B870-442F-8BBB-8D691423EBBC}.Debug|Any CPU.ActiveCfg = Debug|Any CPU
		{ECD4DF25-B870-442F-8BBB-8D691423EBBC}.Debug|Any CPU.Build.0 = Debug|Any CPU
		{ECD4DF25-B870-442F-8BBB-8D691423EBBC}.Release|Any CPU.ActiveCfg = Release|Any CPU
		{ECD4DF25-B870-442F-8BBB-8D691423EBBC}.Release|Any CPU.Build.0 = Release|Any CPU
	EndGlobalSection
	GlobalSection(SolutionProperties) = preSolution
		HideSolutionNode = FALSE
	EndGlobalSection
	GlobalSection(ExtensibilityGlobals) = postSolution
		SolutionGuid = {EB52A104-C588-4EC0-B540-F3A44876F505}
	EndGlobalSection
EndGlobal
